
Microsoft Visual Studio Solution File, Format Version 12.00
# Visual Studio Version 17
VisualStudioVersion = 17.2.32616.157
MinimumVisualStudioVersion = 10.0.40219.1
Project("{FAE04EC0-301F-11D3-BF4B-00C04F79EFBC}") = "RabotUpdateManager", "RabotUpdateManager\RabotUpdateManager.csproj", "{995AE533-86CA-42FC-86FC-2BD94942ABAF}"
EndProject
Global
	GlobalSection(SolutionConfigurationPlatforms) = preSolution
		Debug|Any CPU = Debug|Any CPU
		Release|Any CPU = Release|Any CPU
	EndGlobalSection
	GlobalSection(ProjectConfigurationPlatforms) = postSolution
		{995AE533-86CA-42FC-86FC-2BD94942ABAF}.Debug|Any CPU.ActiveCfg = Debug|Any CPU
		{995AE533-86CA-42FC-86FC-2BD94942ABAF}.Debug|Any CPU.Build.0 = Debug|Any CPU
		{995AE533-86CA-42FC-86FC-2BD94942ABAF}.Release|Any CPU.ActiveCfg = Release|Any CPU
		{995AE533-86CA-42FC-86FC-2BD94942ABAF}.Release|Any CPU.Build.0 = Release|Any CPU
	EndGlobalSection
	GlobalSection(SolutionProperties) = preSolution
		HideSolutionNode = FALSE
	EndGlobalSection
	GlobalSection(ExtensibilityGlobals) = postSolution
		SolutionGuid = {53594846-27D9-4852-BE85-DA707F3C321B}
	EndGlobalSection
EndGlobal
